{
  "pins" : [
    {
      "identity" : "codescanner",
      "kind" : "remoteSourceControl",
      "location" : "https://github.com/twostraws/CodeScanner",
      "state" : {
        "revision" : "88a61323cae0aa4e7056f122600e5d38fd305a77",
        "version" : "2.3.0"
      }
    },
    {
      "identity" : "iactivityindicator",
      "kind" : "remoteSourceControl",
      "location" : "https://github.com/MojtabaHs/iActivityIndicator",
      "state" : {
        "revision" : "051ba2db67f019af4b0600c01ba2ca991092daae",
        "version" : "0.4.1"
      }
    },
    {
      "identity" : "iphonenumberfield",
      "kind" : "remoteSourceControl",
      "location" : "https://github.com/MojtabaHs/iPhoneNumberField.git",
      "state" : {
        "revision" : "5298972c899ba3555a77549bebeace2e16bc927d",
        "version" : "0.10.1"
      }
    },
    {
      "identity" : "phonenumberkit",
      "kind" : "remoteSourceControl",
      "location" : "https://github.com/marmelroy/PhoneNumberKit",
      "state" : {
        "revision" : "434a7432cceca19829bc6e34bdcfc0b0ee4c6801",
        "version" : "3.5.7"
      }
    },
    {
      "identity" : "svgview",
      "kind" : "remoteSourceControl",
      "location" : "https://github.com/exyte/SVGView.git",
      "state" : {
        "revision" : "18bf73efc2f2dede5dfa73f517ddf4e054061294",
        "version" : "1.0.4"
      }
    }
  ],
  "version" : 2
}
